<?xml version="1.0" encoding="utf-8"?>
<Project ToolsVersion="4.0" xmlns="http://schemas.microsoft.com/developer/msbuild/2003">
  <ItemGroup>
    <Filter Include="Source Files">
      <UniqueIdentifier>{4FC737F1-C7A5-4376-A066-2A32D752A2FF}</UniqueIdentifier>
      <Extensions>cpp;c;cc;cxx;def;odl;idl;hpj;bat;asm;asmx</Extensions>
    </Filter>
    <Filter Include="Header Files">
      <UniqueIdentifier>{93995380-89BD-4b04-88EB-625FBE52EBFB}</UniqueIdentifier>
      <Extensions>h;hh;hpp;hxx;hm;inl;inc;xsd</Extensions>
    </Filter>
    <Filter Include="Resource Files">
      <UniqueIdentifier>{67DA6AB6-F800-4c08-8B7A-83BB121AAD01}</UniqueIdentifier>
      <Extensions>rc;ico;cur;bmp;dlg;rc2;rct;bin;rgs;gif;jpg;jpeg;jpe;resx;tiff;tif;png;wav;mfcribbon-ms</Extensions>
    </Filter>
    <Filter Include="Header Files\Interfaces">
      <UniqueIdentifier>{34fb7081-5afb-4603-b3f8-83d4502af5d5}</UniqueIdentifier>
    </Filter>
  </ItemGroup>
  <ItemGroup>
    <ClCompile Include="Main.cpp">
      <Filter>Source Files</Filter>
    </ClCompile>
    <ClCompile Include="PresentationLayer\Screen.cpp">
      <Filter>Source Files</Filter>
    </ClCompile>
    <ClCompile Include="BusinessLayer\Game.cpp">
      <Filter>Source Files</Filter>
    </ClCompile>
    <ClCompile Include="BusinessLayer\Actors\LazyActor.cpp">
      <Filter>Source Files</Filter>
    </ClCompile>
    <ClCompile Include="BusinessLayer\Actors\Actor.cpp">
      <Filter>Source Files</Filter>
    </ClCompile>
    <ClCompile Include="BusinessLayer\Actors\Player.cpp">
      <Filter>Source Files</Filter>
    </ClCompile>
    <ClCompile Include="BusinessLayer\Actors\PanicActor.cpp">
      <Filter>Source Files</Filter>
    </ClCompile>
    <ClCompile Include="BusinessLayer\Actors\MurderActor.cpp">
      <Filter>Source Files</Filter>
    </ClCompile>
    <ClCompile Include="PresentationLayer\PrintBuffer.cpp">
      <Filter>Source Files</Filter>
    </ClCompile>
    <ClCompile Include="BusinessLayer\Actors\PinkElephant.cpp">
      <Filter>Source Files</Filter>
    </ClCompile>
    <ClCompile Include="BusinessLayer\Environments\CrimeScene.cpp">
      <Filter>Source Files</Filter>
    </ClCompile>
    <ClCompile Include="BusinessLayer\Environments\DarkRoom.cpp">
      <Filter>Source Files</Filter>
    </ClCompile>
    <ClCompile Include="BusinessLayer\Environments\Environment.cpp">
      <Filter>Source Files</Filter>
    </ClCompile>
    <ClCompile Include="BusinessLayer\Environments\GardenMaze.cpp">
      <Filter>Source Files</Filter>
    </ClCompile>
    <ClCompile Include="BusinessLayer\Environments\TrapRoom.cpp">
      <Filter>Source Files</Filter>
    </ClCompile>
    <ClCompile Include="BusinessLayer\Environments\Room.cpp">
      <Filter>Source Files</Filter>
    </ClCompile>
    <ClCompile Include="BusinessLayer\Items\Clue.cpp">
      <Filter>Source Files</Filter>
    </ClCompile>
    <ClCompile Include="BusinessLayer\Items\Item.cpp">
      <Filter>Source Files</Filter>
    </ClCompile>
    <ClCompile Include="BusinessLayer\Items\LuminolSpray.cpp">
      <Filter>Source Files</Filter>
    </ClCompile>
    <ClCompile Include="BusinessLayer\Items\MurderClue.cpp">
      <Filter>Source Files</Filter>
    </ClCompile>
    <ClCompile Include="BusinessLayer\Items\MurderWeapon.cpp">
      <Filter>Source Files</Filter>
    </ClCompile>
    <ClCompile Include="BusinessLayer\Items\Spirits.cpp">
      <Filter>Source Files</Filter>
    </ClCompile>
    <ClCompile Include="BusinessLayer\Items\Weapon.cpp">
      <Filter>Source Files</Filter>
    </ClCompile>
    <ClCompile Include="BusinessLayer\Actors\LooterActor.cpp">
      <Filter>Source Files</Filter>
    </ClCompile>
  </ItemGroup>
  <ItemGroup>
    <ClInclude Include="Main.h">
      <Filter>Header Files</Filter>
    </ClInclude>
    <ClInclude Include="PresentationLayer\Screen.hpp">
      <Filter>Header Files</Filter>
    </ClInclude>
    <ClInclude Include="BusinessLayer\Interfaces\IConsole.hpp">
      <Filter>Header Files\Interfaces</Filter>
    </ClInclude>
    <ClInclude Include="BusinessLayer\Interfaces\IGame.hpp">
      <Filter>Header Files\Interfaces</Filter>
    </ClInclude>
    <ClInclude Include="BusinessLayer\Console.hpp">
      <Filter>Header Files</Filter>
    </ClInclude>
    <ClInclude Include="BusinessLayer\Game.hpp">
      <Filter>Header Files</Filter>
    </ClInclude>
    <ClInclude Include="PresentationLayer\Interfaces\IPrintable.hpp">
      <Filter>Header Files\Interfaces</Filter>
    </ClInclude>
    <ClInclude Include="PresentationLayer\Interfaces\IScreen.hpp">
      <Filter>Header Files\Interfaces</Filter>
    </ClInclude>
    <ClInclude Include="Common.hpp">
      <Filter>Header Files</Filter>
    </ClInclude>
    <ClInclude Include="BusinessLayer\Interfaces\IControllable.hpp">
      <Filter>Header Files</Filter>
    </ClInclude>
    <ClInclude Include="PresentationLayer\Interfaces\IPrinter.hpp">
      <Filter>Header Files</Filter>
    </ClInclude>
    <ClInclude Include="BusinessLayer\Actors\LazyActor.hpp">
      <Filter>Header Files</Filter>
    </ClInclude>
    <ClInclude Include="BusinessLayer\Actors\Actor.hpp">
      <Filter>Header Files</Filter>
    </ClInclude>
    <ClInclude Include="BusinessLayer\Actors\Player.hpp">
      <Filter>Header Files</Filter>
    </ClInclude>
    <ClInclude Include="BusinessLayer\Actors\PanicActor.hpp">
      <Filter>Header Files</Filter>
    </ClInclude>
    <ClInclude Include="BusinessLayer\Actors\MurderActor.hpp">
      <Filter>Header Files</Filter>
    </ClInclude>
    <ClInclude Include="PresentationLayer\PrintBuffer.hpp">
      <Filter>Header Files</Filter>
    </ClInclude>
    <ClInclude Include="BusinessLayer\Actors\PinkElephant.hpp">
      <Filter>Header Files</Filter>
    </ClInclude>
    <ClInclude Include="BusinessLayer\Environments\CrimeScene.hpp">
      <Filter>Header Files</Filter>
    </ClInclude>
    <ClInclude Include="BusinessLayer\Environments\DarkRoom.hpp">
      <Filter>Header Files</Filter>
    </ClInclude>
    <ClInclude Include="BusinessLayer\Environments\Environment.hpp">
      <Filter>Header Files</Filter>
    </ClInclude>
    <ClInclude Include="BusinessLayer\Environments\GardenMaze.hpp">
      <Filter>Header Files</Filter>
    </ClInclude>
    <ClInclude Include="BusinessLayer\Environments\TrapRoom.hpp">
      <Filter>Header Files</Filter>
    </ClInclude>
    <ClInclude Include="BusinessLayer\Environments\Room.hpp">
      <Filter>Header Files</Filter>
    </ClInclude>
    <ClInclude Include="BusinessLayer\Items\Clue.hpp">
      <Filter>Header Files</Filter>
    </ClInclude>
    <ClInclude Include="BusinessLayer\Items\Item.hpp">
      <Filter>Header Files</Filter>
    </ClInclude>
    <ClInclude Include="BusinessLayer\Items\ItemDispencer.hpp">
      <Filter>Header Files</Filter>
    </ClInclude>
    <ClInclude Include="BusinessLayer\Items\ItemDispencerBase.hpp">
      <Filter>Header Files</Filter>
    </ClInclude>
    <ClInclude Include="BusinessLayer\Items\LuminolSpray.hpp">
      <Filter>Header Files</Filter>
    </ClInclude>
    <ClInclude Include="BusinessLayer\Items\MurderClue.hpp">
      <Filter>Header Files</Filter>
    </ClInclude>
    <ClInclude Include="BusinessLayer\Items\MurderWeapon.hpp">
      <Filter>Header Files</Filter>
    </ClInclude>
    <ClInclude Include="BusinessLayer\Items\Spirits.hpp">
      <Filter>Header Files</Filter>
    </ClInclude>
    <ClInclude Include="BusinessLayer\Items\Weapon.hpp">
      <Filter>Header Files</Filter>
    </ClInclude>
    <ClInclude Include="BusinessLayer\Actors\LooterActor.hpp">
      <Filter>Header Files</Filter>
    </ClInclude>
  </ItemGroup>
</Project>